
Microsoft Visual Studio Solution File, Format Version 12.00
Project("{FAE04EC0-301F-11D3-BF4B-00C04F79EFBC}") = "ElmaExtension.Console", "ElmaExtension.Console\ElmaExtension.Console.csproj", "{C63AF641-AE89-49A0-AC05-2187B37B777A}"
EndProject
Project("{FAE04EC0-301F-11D3-BF4B-00C04F79EFBC}") = "ElmaSerializer", "ElmaSerializer\ElmaSerializer.csproj", "{43CE0D07-3DE6-4BEF-93BF-6F170483D1C7}"
EndProject
Project("{FAE04EC0-301F-11D3-BF4B-00C04F79EFBC}") = "ElmaHttpClient", "ElmaHttpClient\ElmaHttpClient.csproj", "{9312DE70-B936-434C-8E23-D402E567174B}"
EndProject
Project("{FAE04EC0-301F-11D3-BF4B-00C04F79EFBC}") = "ElmaLogger", "ElmaLogger\ElmaLogger.csproj", "{FA65FA18-DD44-4375-A370-6EE47221F729}"
EndProject
Project("{FAE04EC0-301F-11D3-BF4B-00C04F79EFBC}") = "ElmaExtensionMethods", "ElmaExtensionMethods\ElmaExtensionMethods.csproj", "{61BFE3CA-F755-4E78-8050-AC7CFF10A876}"
EndProject
Global
	GlobalSection(SolutionConfigurationPlatforms) = preSolution
		Debug|Any CPU = Debug|Any CPU
		Release|Any CPU = Release|Any CPU
	EndGlobalSection
	GlobalSection(ProjectConfigurationPlatforms) = postSolution
		{C63AF641-AE89-49A0-AC05-2187B37B777A}.Debug|Any CPU.ActiveCfg = Debug|Any CPU
		{C63AF641-AE89-49A0-AC05-2187B37B777A}.Debug|Any CPU.Build.0 = Debug|Any CPU
		{C63AF641-AE89-49A0-AC05-2187B37B777A}.Release|Any CPU.ActiveCfg = Release|Any CPU
		{C63AF641-AE89-49A0-AC05-2187B37B777A}.Release|Any CPU.Build.0 = Release|Any CPU
		{43CE0D07-3DE6-4BEF-93BF-6F170483D1C7}.Debug|Any CPU.ActiveCfg = Debug|Any CPU
		{43CE0D07-3DE6-4BEF-93BF-6F170483D1C7}.Debug|Any CPU.Build.0 = Debug|Any CPU
		{43CE0D07-3DE6-4BEF-93BF-6F170483D1C7}.Release|Any CPU.ActiveCfg = Release|Any CPU
		{43CE0D07-3DE6-4BEF-93BF-6F170483D1C7}.Release|Any CPU.Build.0 = Release|Any CPU
		{9312DE70-B936-434C-8E23-D402E567174B}.Debug|Any CPU.ActiveCfg = Debug|Any CPU
		{9312DE70-B936-434C-8E23-D402E567174B}.Debug|Any CPU.Build.0 = Debug|Any CPU
		{9312DE70-B936-434C-8E23-D402E567174B}.Release|Any CPU.ActiveCfg = Release|Any CPU
		{9312DE70-B936-434C-8E23-D402E567174B}.Release|Any CPU.Build.0 = Release|Any CPU
		{FA65FA18-DD44-4375-A370-6EE47221F729}.Debug|Any CPU.ActiveCfg = Debug|Any CPU
		{FA65FA18-DD44-4375-A370-6EE47221F729}.Debug|Any CPU.Build.0 = Debug|Any CPU
		{FA65FA18-DD44-4375-A370-6EE47221F729}.Release|Any CPU.ActiveCfg = Release|Any CPU
		{FA65FA18-DD44-4375-A370-6EE47221F729}.Release|Any CPU.Build.0 = Release|Any CPU
		{61BFE3CA-F755-4E78-8050-AC7CFF10A876}.Debug|Any CPU.ActiveCfg = Debug|Any CPU
		{61BFE3CA-F755-4E78-8050-AC7CFF10A876}.Debug|Any CPU.Build.0 = Debug|Any CPU
		{61BFE3CA-F755-4E78-8050-AC7CFF10A876}.Release|Any CPU.ActiveCfg = Release|Any CPU
		{61BFE3CA-F755-4E78-8050-AC7CFF10A876}.Release|Any CPU.Build.0 = Release|Any CPU
	EndGlobalSection
EndGlobal
